{
  "version": "5",
  "specifiers": {
    "jsr:@innis/coding-standards@0.1": "0.1.0",
    "jsr:@innis/nostr-core@~0.2.12": "0.2.17",
    "jsr:@innis/nostr-core@~0.2.16": "0.2.17",
    "jsr:@innis/nostr-nip07@~0.2.3": "0.2.3",
    "jsr:@innis/nostr-nip46@0.2": "0.2.0",
    "jsr:@innis/nostr-relay-pool@~0.1.4": "0.1.4",
    "jsr:@std/assert@1": "1.0.19",
    "jsr:@std/internal@^1.0.12": "1.0.14",
    "jsr:@std/internal@^1.0.14": "1.0.14",
    "jsr:@std/path@1": "1.1.5",
    "npm:@noble/ciphers@2": "2.2.0",
    "npm:@noble/curves@2": "2.2.0",
    "npm:@noble/hashes@2": "2.2.0",
    "npm:@scure/base@2": "2.2.0"
  },
  "jsr": {
    "@innis/coding-standards@0.1.0": {
      "integrity": "98dbc25a72075f94bd9ed4999283104055cf531ea890b23d9c789b0be5c5a78d",
      "dependencies": [
        "jsr:@std/path"
      ]
    },
    "@innis/nostr-core@0.2.17": {
      "integrity": "0229ff42ab4b2e30bb6a68186f8f0c5f21b97d396bd00a5e6752b6b35d753b28",
      "dependencies": [
        "npm:@noble/ciphers",
        "npm:@noble/curves",
        "npm:@noble/hashes",
        "npm:@scure/base"
      ]
    },
    "@innis/nostr-nip07@0.2.3": {
      "integrity": "284812c6a1c74e0317eadf76aff12c8f3b90445292c2c04eed046acda9b5ea67",
      "dependencies": [
        "jsr:@innis/nostr-core@~0.2.12"
      ]
    },
    "@innis/nostr-nip46@0.2.0": {
      "integrity": "5ecdd3fb1c0e1d7b9bd4e5b5dfedcd99c4f64f6f751420985ea65b9f68b2724c",
      "dependencies": [
        "jsr:@innis/nostr-core@~0.2.12"
      ]
    },
    "@innis/nostr-relay-pool@0.1.4": {
      "integrity": "63391dfee27ce73db8c6294246cc2106bbefdf8066d455e0f4be328c5b8a7411",
      "dependencies": [
        "jsr:@innis/nostr-core@~0.2.12"
      ]
    },
    "@std/assert@1.0.19": {
      "integrity": "eaada96ee120cb980bc47e040f82814d786fe8162ecc53c91d8df60b8755991e",
      "dependencies": [
        "jsr:@std/internal@^1.0.12"
      ]
    },
    "@std/internal@1.0.14": {
      "integrity": "291516b3d4c35024d6ffbc0a9df5bf4c64116e05b50012cf846710152d2ffdf7"
    },
    "@std/path@1.1.5": {
      "integrity": "ccea00982ea28c36becaf6e62f855406c76a8c32d462f66f415bbb7d83a271bc",
      "dependencies": [
        "jsr:@std/internal@^1.0.14"
      ]
    }
  },
  "npm": {
    "@noble/ciphers@2.2.0": {
      "integrity": "sha512-Z6pjIZ/8IJcCGzb2S/0Px5J81yij85xASuk1teLNeg75bfT07MV3a/O2Mtn1I2se43k3lkVEcFaR10N4cgQcZA=="
    },
    "@noble/curves@2.2.0": {
      "integrity": "sha512-T/BoHgFXirb0ENSPBquzX0rcjXeM6Lo892a2jlYJkqk83LqZx0l1Of7DzlKJ6jkpvMrkHSnAcgb5JegL8SeIkQ==",
      "dependencies": [
        "@noble/hashes"
      ]
    },
    "@noble/hashes@2.2.0": {
      "integrity": "sha512-IYqDGiTXab6FniAgnSdZwgWbomxpy9FtYvLKs7wCUs2a8RkITG+DFGO1DM9cr+E3/RgADRpFjrKVaJ1z6sjtEg=="
    },
    "@scure/base@2.2.0": {
      "integrity": "sha512-b8XEupJibegiXV+tDUseI8oLQc8ei3d/4Jkb2RpbHh3MfE054ov3uIz2dhFkB3FI8iwYkEh0gGCApkrYggkPNg=="
    }
  },
  "workspace": {
    "dependencies": [
      "jsr:@innis/nostr-core@~0.2.16",
      "jsr:@innis/nostr-nip07@~0.2.3",
      "jsr:@innis/nostr-nip46@0.2",
      "jsr:@innis/nostr-relay-pool@~0.1.4",
      "jsr:@std/assert@1"
    ]
  }
}
